
Microsoft Visual Studio Solution File, Format Version 12.00
# Visual Studio Version 16
VisualStudioVersion = 16.0.30104.148
MinimumVisualStudioVersion = 10.0.40219.1
Project("{FAE04EC0-301F-11D3-BF4B-00C04F79EFBC}") = "Soldiers", "Soldiers\Soldiers.csproj", "{A50A363C-AB0E-40D0-B04E-D5A41A3962F0}"
EndProject
Global
	GlobalSection(SolutionConfigurationPlatforms) = preSolution
		Debug|Any CPU = Debug|Any CPU
		Release|Any CPU = Release|Any CPU
	EndGlobalSection
	GlobalSection(ProjectConfigurationPlatforms) = postSolution
		{A50A363C-AB0E-40D0-B04E-D5A41A3962F0}.Debug|Any CPU.ActiveCfg = Debug|Any CPU
		{A50A363C-AB0E-40D0-B04E-D5A41A3962F0}.Debug|Any CPU.Build.0 = Debug|Any CPU
		{A50A363C-AB0E-40D0-B04E-D5A41A3962F0}.Release|Any CPU.ActiveCfg = Release|Any CPU
		{A50A363C-AB0E-40D0-B04E-D5A41A3962F0}.Release|Any CPU.Build.0 = Release|Any CPU
	EndGlobalSection
	GlobalSection(SolutionProperties) = preSolution
		HideSolutionNode = FALSE
	EndGlobalSection
	GlobalSection(ExtensibilityGlobals) = postSolution
		SolutionGuid = {1D3F4362-C719-4B40-A877-D14DA2FF5200}
	EndGlobalSection
EndGlobal
